<?xml version="1.0" encoding="utf-8"?>
<Project ToolsVersion="4.0" xmlns="http://schemas.microsoft.com/developer/msbuild/2003">
  <ItemGroup>
    <ClInclude Include="vanLoadScene.h" />
    <ClInclude Include="vanPlayScene.h">
      <Filter>Scenes\Sample</Filter>
    </ClInclude>
    <ClInclude Include="vanStage1.h">
      <Filter>Scenes\Stage1</Filter>
    </ClInclude>
    <ClInclude Include="vanPlayerScript.h">
      <Filter>Scripts\Player</Filter>
    </ClInclude>
    <ClInclude Include="vanFloorScript.h">
      <Filter>Scripts\Floor\Basic</Filter>
    </ClInclude>
    <ClInclude Include="vanSpikeScript.h">
      <Filter>Scripts\Floor\Spike</Filter>
    </ClInclude>
    <ClInclude Include="vanJumpScript.h">
      <Filter>Scripts\Floor\Jump</Filter>
    </ClInclude>
    <ClInclude Include="vanStraightScript.h">
      <Filter>Scripts\Floor\Straight</Filter>
    </ClInclude>
    <ClInclude Include="vanDoubleJumpScript.h">
      <Filter>Scripts\Floor\DoubleJump</Filter>
    </ClInclude>
    <ClInclude Include="vanPortalInScript.h">
      <Filter>Scripts\Floor\Portal_In</Filter>
    </ClInclude>
    <ClInclude Include="vanPortalOutScript.h">
      <Filter>Scripts\Floor\Portal_Out</Filter>
    </ClInclude>
    <ClInclude Include="vanDisappearScript.h">
      <Filter>Scripts\Floor\Disappear</Filter>
    </ClInclude>
  </ItemGroup>
  <ItemGroup>
    <ClCompile Include="vanPlayScene.cpp">
      <Filter>Scenes\Sample</Filter>
    </ClCompile>
    <ClCompile Include="vanStage1.cpp">
      <Filter>Scenes\Stage1</Filter>
    </ClCompile>
    <ClCompile Include="vanPlayerScript.cpp">
      <Filter>Scripts\Player</Filter>
    </ClCompile>
    <ClCompile Include="vanFloorScript.cpp">
      <Filter>Scripts\Floor\Basic</Filter>
    </ClCompile>
    <ClCompile Include="vanSpikeScript.cpp">
      <Filter>Scripts\Floor\Spike</Filter>
    </ClCompile>
    <ClCompile Include="vanJumpScript.cpp">
      <Filter>Scripts\Floor\Jump</Filter>
    </ClCompile>
    <ClCompile Include="vanStraightScript.cpp">
      <Filter>Scripts\Floor\Straight</Filter>
    </ClCompile>
    <ClCompile Include="vanPortalInScript.cpp">
      <Filter>Scripts\Floor\Portal_In</Filter>
    </ClCompile>
    <ClCompile Include="vanPortalOutScript.cpp">
      <Filter>Scripts\Floor\Portal_Out</Filter>
    </ClCompile>
    <ClCompile Include="vanDoubleJumpScript.cpp">
      <Filter>Scripts\Floor\DoubleJump</Filter>
    </ClCompile>
    <ClCompile Include="vanDisappearScript.cpp">
      <Filter>Scripts\Floor\Disappear</Filter>
    </ClCompile>
  </ItemGroup>
  <ItemGroup>
    <Filter Include="Scenes">
      <UniqueIdentifier>{713d14fa-b410-4ac2-bc97-733dc2cf7e27}</UniqueIdentifier>
    </Filter>
    <Filter Include="Scripts">
      <UniqueIdentifier>{3324b828-11bc-4677-baa1-176d3509a04e}</UniqueIdentifier>
    </Filter>
    <Filter Include="Scenes\Sample">
      <UniqueIdentifier>{2bbbe8f0-3342-48e3-8a14-49d7dfeecf87}</UniqueIdentifier>
    </Filter>
    <Filter Include="Scenes\Stage1">
      <UniqueIdentifier>{76adea32-be68-4191-b73e-c0dd9109d3f3}</UniqueIdentifier>
    </Filter>
    <Filter Include="Scripts\Player">
      <UniqueIdentifier>{37b2effd-dde7-44f8-bfd1-5e5a2e38000b}</UniqueIdentifier>
    </Filter>
    <Filter Include="Scripts\Floor">
      <UniqueIdentifier>{b63543ca-1fe0-4e1c-9025-dcf31efee2cb}</UniqueIdentifier>
    </Filter>
    <Filter Include="Scripts\Floor\Spike">
      <UniqueIdentifier>{a6121d9c-8637-4872-8e65-2328cf3aad96}</UniqueIdentifier>
    </Filter>
    <Filter Include="Scripts\Floor\Basic">
      <UniqueIdentifier>{f5c65fb0-53dd-4746-b13e-5931edf0e9a6}</UniqueIdentifier>
    </Filter>
    <Filter Include="Scripts\Floor\Jump">
      <UniqueIdentifier>{ebdd3b50-efe9-4635-9a7a-1bbee0059eb2}</UniqueIdentifier>
    </Filter>
    <Filter Include="Scripts\Floor\Straight">
      <UniqueIdentifier>{230e5c79-5280-4053-8b9c-0921a23f8d2f}</UniqueIdentifier>
    </Filter>
    <Filter Include="Scripts\Floor\DoubleJump">
      <UniqueIdentifier>{1a3bc18c-e5f7-41eb-a039-d2a04949cffe}</UniqueIdentifier>
    </Filter>
    <Filter Include="Scripts\Floor\Portal_In">
      <UniqueIdentifier>{8523c7ed-46dd-41e6-9e34-ebe900594610}</UniqueIdentifier>
    </Filter>
    <Filter Include="Scripts\Floor\Portal_Out">
      <UniqueIdentifier>{2d8ea867-048d-435c-a240-81d631b6d1e7}</UniqueIdentifier>
    </Filter>
    <Filter Include="Scripts\Floor\Disappear">
      <UniqueIdentifier>{07bba810-c882-4645-9162-1959c0d5bb98}</UniqueIdentifier>
    </Filter>
  </ItemGroup>
</Project>